
Microsoft Visual Studio Solution File, Format Version 12.00
# Visual Studio Version 16
VisualStudioVersion = 16.0.32106.194
MinimumVisualStudioVersion = 10.0.40219.1
Project("{FAE04EC0-301F-11D3-BF4B-00C04F79EFBC}") = "econsult", "econsult\econsult.csproj", "{B4237145-32B9-4BD6-A8E0-F9D6E93F4114}"
EndProject
Global
	GlobalSection(SolutionConfigurationPlatforms) = preSolution
		Debug|Any CPU = Debug|Any CPU
		Release|Any CPU = Release|Any CPU
	EndGlobalSection
	GlobalSection(ProjectConfigurationPlatforms) = postSolution
		{B4237145-32B9-4BD6-A8E0-F9D6E93F4114}.Debug|Any CPU.ActiveCfg = Debug|Any CPU
		{B4237145-32B9-4BD6-A8E0-F9D6E93F4114}.Debug|Any CPU.Build.0 = Debug|Any CPU
		{B4237145-32B9-4BD6-A8E0-F9D6E93F4114}.Release|Any CPU.ActiveCfg = Release|Any CPU
		{B4237145-32B9-4BD6-A8E0-F9D6E93F4114}.Release|Any CPU.Build.0 = Release|Any CPU
	EndGlobalSection
	GlobalSection(SolutionProperties) = preSolution
		HideSolutionNode = FALSE
	EndGlobalSection
	GlobalSection(ExtensibilityGlobals) = postSolution
		SolutionGuid = {14162D22-3364-4343-BAE3-AE028405A225}
	EndGlobalSection
EndGlobal
